
Microsoft Visual Studio Solution File, Format Version 12.00
# Visual Studio Version 17
VisualStudioVersion = 17.7.34031.279
MinimumVisualStudioVersion = 10.0.40219.1
Project("{FAE04EC0-301F-11D3-BF4B-00C04F79EFBC}") = "StoringAndUpdateRecordProject", "StoringAndUpdateRecordProject\StoringAndUpdateRecordProject.csproj", "{1ED19BE1-9E46-4EE5-94B2-092B218C7FA5}"
EndProject
Project("{FAE04EC0-301F-11D3-BF4B-00C04F79EFBC}") = "StoringAndUpdateRecordLibrary", "StoringAndUpdateRecordLibrary\StoringAndUpdateRecordLibrary.csproj", "{19483ED1-2965-456E-93AB-495AED2E48A7}"
EndProject
Global
	GlobalSection(SolutionConfigurationPlatforms) = preSolution
		Debug|Any CPU = Debug|Any CPU
		Release|Any CPU = Release|Any CPU
	EndGlobalSection
	GlobalSection(ProjectConfigurationPlatforms) = postSolution
		{1ED19BE1-9E46-4EE5-94B2-092B218C7FA5}.Debug|Any CPU.ActiveCfg = Debug|Any CPU
		{1ED19BE1-9E46-4EE5-94B2-092B218C7FA5}.Debug|Any CPU.Build.0 = Debug|Any CPU
		{1ED19BE1-9E46-4EE5-94B2-092B218C7FA5}.Release|Any CPU.ActiveCfg = Release|Any CPU
		{1ED19BE1-9E46-4EE5-94B2-092B218C7FA5}.Release|Any CPU.Build.0 = Release|Any CPU
		{19483ED1-2965-456E-93AB-495AED2E48A7}.Debug|Any CPU.ActiveCfg = Debug|Any CPU
		{19483ED1-2965-456E-93AB-495AED2E48A7}.Debug|Any CPU.Build.0 = Debug|Any CPU
		{19483ED1-2965-456E-93AB-495AED2E48A7}.Release|Any CPU.ActiveCfg = Release|Any CPU
		{19483ED1-2965-456E-93AB-495AED2E48A7}.Release|Any CPU.Build.0 = Release|Any CPU
	EndGlobalSection
	GlobalSection(SolutionProperties) = preSolution
		HideSolutionNode = FALSE
	EndGlobalSection
	GlobalSection(ExtensibilityGlobals) = postSolution
		SolutionGuid = {632E7624-636A-4218-93BA-2F324B3C01ED}
	EndGlobalSection
EndGlobal
